// !$*UTF8*$!
{
	archiveVersion = 1;
	classes = {
	};
	objectVersion = 51;
	objects = {

/* Begin PBXBuildFile section */
		4253E9005FCEB7AB76D9685C /* Pods_SimpleChatApp.framework in Frameworks */ = {isa = PBXBuildFile; fileRef = 56FD0D6D8F5431D991CE4B19 /* Pods_SimpleChatApp.framework */; };
		CFE3689C22FBD16500774B2D /* AppDelegate.swift in Sources */ = {isa = PBXBuildFile; fileRef = CFE3689B22FBD16500774B2D /* AppDelegate.swift */; };
		CFE3689E22FBD16500774B2D /* ViewController.swift in Sources */ = {isa = PBXBuildFile; fileRef = CFE3689D22FBD16500774B2D /* ViewController.swift */; };
		CFE368A122FBD16500774B2D /* Main.storyboard in Resources */ = {isa = PBXBuildFile; fileRef = CFE3689F22FBD16500774B2D /* Main.storyboard */; };
		CFE368A322FBD16700774B2D /* Assets.xcassets in Resources */ = {isa = PBXBuildFile; fileRef = CFE368A222FBD16700774B2D /* Assets.xcassets */; };
		CFE368A622FBD16700774B2D /* LaunchScreen.storyboard in Resources */ = {isa = PBXBuildFile; fileRef = CFE368A422FBD16700774B2D /* LaunchScreen.storyboard */; };
		CFE368D722FD000300774B2D /* GoogleService-Info.plist in Resources */ = {isa = PBXBuildFile; fileRef = CFE368D622FD000300774B2D /* GoogleService-Info.plist */; };
		CFE368D922FD032500774B2D /* RoomViewController.swift in Sources */ = {isa = PBXBuildFile; fileRef = CFE368D822FD032500774B2D /* RoomViewController.swift */; };
		CFE368DD22FD04D400774B2D /* Room.swift in Sources */ = {isa = PBXBuildFile; fileRef = CFE368DC22FD04D400774B2D /* Room.swift */; };
		CFE368DF22FD068A00774B2D /* Message.swift in Sources */ = {isa = PBXBuildFile; fileRef = CFE368DE22FD068A00774B2D /* Message.swift */; };
/* End PBXBuildFile section */

/* Begin PBXFileReference section */
		56FD0D6D8F5431D991CE4B19 /* Pods_SimpleChatApp.framework */ = {isa = PBXFileReference; explicitFileType = wrapper.framework; includeInIndex = 0; path = Pods_SimpleChatApp.framework; sourceTree = BUILT_PRODUCTS_DIR; };
		76D723E621EDF1E2CEBE8F12 /* Pods-SimpleChatApp.debug.xcconfig */ = {isa = PBXFileReference; includeInIndex = 1; lastKnownFileType = text.xcconfig; name = "Pods-SimpleChatApp.debug.xcconfig"; path = "Target Support Files/Pods-SimpleChatApp/Pods-SimpleChatApp.debug.xcconfig"; sourceTree = "<group>"; };
		CFE3689822FBD16500774B2D /* SimpleChatApp.app */ = {isa = PBXFileReference; explicitFileType = wrapper.application; includeInIndex = 0; path = SimpleChatApp.app; sourceTree = BUILT_PRODUCTS_DIR; };
		CFE3689B22FBD16500774B2D /* AppDelegate.swift */ = {isa = PBXFileReference; lastKnownFileType = sourcecode.swift; path = AppDelegate.swift; sourceTree = "<group>"; };
		CFE3689D22FBD16500774B2D /* ViewController.swift */ = {isa = PBXFileReference; lastKnownFileType = sourcecode.swift; path = ViewController.swift; sourceTree = "<group>"; };
		CFE368A022FBD16500774B2D /* Base */ = {isa = PBXFileReference; lastKnownFileType = file.storyboard; name = Base; path = Base.lproj/Main.storyboard; sourceTree = "<group>"; };
		CFE368A222FBD16700774B2D /* Assets.xcassets */ = {isa = PBXFileReference; lastKnownFileType = folder.assetcatalog; path = Assets.xcassets; sourceTree = "<group>"; };
		CFE368A522FBD16700774B2D /* Base */ = {isa = PBXFileReference; lastKnownFileType = file.storyboard; name = Base; path = Base.lproj/LaunchScreen.storyboard; sourceTree = "<group>"; };
		CFE368A722FBD16700774B2D /* Info.plist */ = {isa = PBXFileReference; lastKnownFileType = text.plist.xml; path = Info.plist; sourceTree = "<group>"; };
		CFE368D622FD000300774B2D /* GoogleService-Info.plist */ = {isa = PBXFileReference; fileEncoding = 4; lastKnownFileType = text.plist.xml; path = "GoogleService-Info.plist"; sourceTree = "<group>"; };
		CFE368D822FD032500774B2D /* RoomViewController.swift */ = {isa = PBXFileReference; lastKnownFileType = sourcecode.swift; path = RoomViewController.swift; sourceTree = "<group>"; };
		CFE368DC22FD04D400774B2D /* Room.swift */ = {isa = PBXFileReference; lastKnownFileType = sourcecode.swift; path = Room.swift; sourceTree = "<group>"; };
		CFE368DE22FD068A00774B2D /* Message.swift */ = {isa = PBXFileReference; lastKnownFileType = sourcecode.swift; path = Message.swift; sourceTree = "<group>"; };
		DC5D9DAAECDB7864B410E524 /* Pods-SimpleChatApp.release.xcconfig */ = {isa = PBXFileReference; includeInIndex = 1; lastKnownFileType = text.xcconfig; name = "Pods-SimpleChatApp.release.xcconfig"; path = "Target Support Files/Pods-SimpleChatApp/Pods-SimpleChatApp.release.xcconfig"; sourceTree = "<group>"; };
/* End PBXFileReference section */

/* Begin PBXFrameworksBuildPhase section */
		CFE3689522FBD16500774B2D /* Frameworks */ = {
			isa = PBXFrameworksBuildPhase;
			buildActionMask = 2147483647;
			files = (
				4253E9005FCEB7AB76D9685C /* Pods_SimpleChatApp.framework in Frameworks */,
			);
			runOnlyForDeploymentPostprocessing = 0;
		};
/* End PBXFrameworksBuildPhase section */

/* Begin PBXGroup section */
		68CCD1115A9FA78BC4B448C6 /* Frameworks */ = {
			isa = PBXGroup;
			children = (
				56FD0D6D8F5431D991CE4B19 /* Pods_SimpleChatApp.framework */,
			);
			name = Frameworks;
			sourceTree = "<group>";
		};
		CFE3688F22FBD16400774B2D = {
			isa = PBXGroup;
			children = (
				CFE368DB22FD049900774B2D /* objects */,
				CFE368DA22FD034A00774B2D /* controllers */,
				CFE3689A22FBD16500774B2D /* SimpleChatApp */,
				CFE3689922FBD16500774B2D /* Products */,
				F8D915864C4DF5A05932098C /* Pods */,
				68CCD1115A9FA78BC4B448C6 /* Frameworks */,
			);
			sourceTree = "<group>";
		};
		CFE3689922FBD16500774B2D /* Products */ = {
			isa = PBXGroup;
			children = (
				CFE3689822FBD16500774B2D /* SimpleChatApp.app */,
			);
			name = Products;
			sourceTree = "<group>";
		};
		CFE3689A22FBD16500774B2D /* SimpleChatApp */ = {
			isa = PBXGroup;
			children = (
				CFE3689B22FBD16500774B2D /* AppDelegate.swift */,
				CFE3689F22FBD16500774B2D /* Main.storyboard */,
				CFE368A222FBD16700774B2D /* Assets.xcassets */,
				CFE368A422FBD16700774B2D /* LaunchScreen.storyboard */,
				CFE368A722FBD16700774B2D /* Info.plist */,
				CFE368D622FD000300774B2D /* GoogleService-Info.plist */,
			);
			path = SimpleChatApp;
			sourceTree = "<group>";
		};
		CFE368DA22FD034A00774B2D /* controllers */ = {
			isa = PBXGroup;
			children = (
				CFE3689D22FBD16500774B2D /* ViewController.swift */,
				CFE368D822FD032500774B2D /* RoomViewController.swift */,
			);
			path = controllers;
			sourceTree = "<group>";
		};
		CFE368DB22FD049900774B2D /* objects */ = {
			isa = PBXGroup;
			children = (
				CFE368DC22FD04D400774B2D /* Room.swift */,
				CFE368DE22FD068A00774B2D /* Message.swift */,
			);
			path = objects;
			sourceTree = "<group>";
		};
		F8D915864C4DF5A05932098C /* Pods */ = {
			isa = PBXGroup;
			children = (
				76D723E621EDF1E2CEBE8F12 /* Pods-SimpleChatApp.debug.xcconfig */,
				DC5D9DAAECDB7864B410E524 /* Pods-SimpleChatApp.release.xcconfig */,
			);
			path = Pods;
			sourceTree = "<group>";
		};
/* End PBXGroup section */

/* Begin PBXNativeTarget section */
		CFE3689722FBD16500774B2D /* SimpleChatApp */ = {
			isa = PBXNativeTarget;
			buildConfigurationList = CFE368AA22FBD16700774B2D /* Build configuration list for PBXNativeTarget "SimpleChatApp" */;
			buildPhases = (
				8791801E349A53FBF817C8B5 /* [CP] Check Pods Manifest.lock */,
				CFE3689422FBD16500774B2D /* Sources */,
				CFE3689522FBD16500774B2D /* Frameworks */,
				CFE3689622FBD16500774B2D /* Resources */,
				03485C9CE6595D7B6FBCFDEE /* [CP] Embed Pods Frameworks */,
			);
			buildRules = (
			);
			dependencies = (
			);
			name = SimpleChatApp;
			productName = SimpleChatApp;
			productReference = CFE3689822FBD16500774B2D /* SimpleChatApp.app */;
			productType = "com.apple.product-type.application";
		};
/* End PBXNativeTarget section */

/* Begin PBXProject section */
		CFE3689022FBD16500774B2D /* Project object */ = {
			isa = PBXProject;
			attributes = {
				LastSwiftUpdateCheck = 1030;
				LastUpgradeCheck = 1030;
				ORGANIZATIONNAME = "星みちる";
				TargetAttributes = {
					CFE3689722FBD16500774B2D = {
						CreatedOnToolsVersion = 10.3;
					};
				};
			};
			buildConfigurationList = CFE3689322FBD16500774B2D /* Build configuration list for PBXProject "SimpleChatApp" */;
			compatibilityVersion = "Xcode 9.3";
			developmentRegion = en;
			hasScannedForEncodings = 0;
			knownRegions = (
				en,
				Base,
			);
			mainGroup = CFE3688F22FBD16400774B2D;
			productRefGroup = CFE3689922FBD16500774B2D /* Products */;
			projectDirPath = "";
			projectRoot = "";
			targets = (
				CFE3689722FBD16500774B2D /* SimpleChatApp */,
			);
		};
/* End PBXProject section */

/* Begin PBXResourcesBuildPhase section */
		CFE3689622FBD16500774B2D /* Resources */ = {
			isa = PBXResourcesBuildPhase;
			buildActionMask = 2147483647;
			files = (
				CFE368A622FBD16700774B2D /* LaunchScreen.storyboard in Resources */,
				CFE368D722FD000300774B2D /* GoogleService-Info.plist in Resources */,
				CFE368A322FBD16700774B2D /* Assets.xcassets in Resources */,
				CFE368A122FBD16500774B2D /* Main.storyboard in Resources */,
			);
			runOnlyForDeploymentPostprocessing = 0;
		};
/* End PBXResourcesBuildPhase section */

/* Begin PBXShellScriptBuildPhase section */
		03485C9CE6595D7B6FBCFDEE /* [CP] Embed Pods Frameworks */ = {
			isa = PBXShellScriptBuildPhase;
			buildActionMask = 2147483647;
			files = (
			);
			inputFileListPaths = (
				"${PODS_ROOT}/Target Support Files/Pods-SimpleChatApp/Pods-SimpleChatApp-frameworks-${CONFIGURATION}-input-files.xcfilelist",
			);
			name = "[CP] Embed Pods Frameworks";
			outputFileListPaths = (
				"${PODS_ROOT}/Target Support Files/Pods-SimpleChatApp/Pods-SimpleChatApp-frameworks-${CONFIGURATION}-output-files.xcfilelist",
			);
			runOnlyForDeploymentPostprocessing = 0;
			shellPath = /bin/sh;
			shellScript = "\"${PODS_ROOT}/Target Support Files/Pods-SimpleChatApp/Pods-SimpleChatApp-frameworks.sh\"\n";
			showEnvVarsInLog = 0;
		};
		8791801E349A53FBF817C8B5 /* [CP] Check Pods Manifest.lock */ = {
			isa = PBXShellScriptBuildPhase;
			buildActionMask = 2147483647;
			files = (
			);
			inputFileListPaths = (
			);
			inputPaths = (
				"${PODS_PODFILE_DIR_PATH}/Podfile.lock",
				"${PODS_ROOT}/Manifest.lock",
			);
			name = "[CP] Check Pods Manifest.lock";
			outputFileListPaths = (
			);
			outputPaths = (
				"$(DERIVED_FILE_DIR)/Pods-SimpleChatApp-checkManifestLockResult.txt",
			);
			runOnlyForDeploymentPostprocessing = 0;
			shellPath = /bin/sh;
			shellScript = "diff \"${PODS_PODFILE_DIR_PATH}/Podfile.lock\" \"${PODS_ROOT}/Manifest.lock\" > /dev/null\nif [ $? != 0 ] ; then\n    # print error to STDERR\n    echo \"error: The sandbox is not in sync with the Podfile.lock. Run 'pod install' or update your CocoaPods installation.\" >&2\n    exit 1\nfi\n# This output is used by Xcode 'outputs' to avoid re-running this script phase.\necho \"SUCCESS\" > \"${SCRIPT_OUTPUT_FILE_0}\"\n";
			showEnvVarsInLog = 0;
		};
/* End PBXShellScriptBuildPhase section */

/* Begin PBXSourcesBuildPhase section */
		CFE3689422FBD16500774B2D /* Sources */ = {
			isa = PBXSourcesBuildPhase;
			buildActionMask = 2147483647;
			files = (
				CFE368D922FD032500774B2D /* RoomViewController.swift in Sources */,
				CFE3689E22FBD16500774B2D /* ViewController.swift in Sources */,
				CFE368DF22FD068A00774B2D /* Message.swift in Sources */,
				CFE368DD22FD04D400774B2D /* Room.swift in Sources */,
				CFE3689C22FBD16500774B2D /* AppDelegate.swift in Sources */,
			);
			runOnlyForDeploymentPostprocessing = 0;
		};
/* End PBXSourcesBuildPhase section */

/* Begin PBXVariantGroup section */
		CFE3689F22FBD16500774B2D /* Main.storyboard */ = {
			isa = PBXVariantGroup;
			children = (
				CFE368A022FBD16500774B2D /* Base */,
			);
			name = Main.storyboard;
			sourceTree = "<group>";
		};
		CFE368A422FBD16700774B2D /* LaunchScreen.storyboard */ = {
			isa = PBXVariantGroup;
			children = (
				CFE368A522FBD16700774B2D /* Base */,
			);
			name = LaunchScreen.storyboard;
			sourceTree = "<group>";
		};
/* End PBXVariantGroup section */

/* Begin XCBuildConfiguration section */
		CFE368A822FBD16700774B2D /* Debug */ = {
			isa = XCBuildConfiguration;
			buildSettings = {
				ALWAYS_SEARCH_USER_PATHS = NO;
				CLANG_ANALYZER_NONNULL = YES;
				CLANG_ANALYZER_NUMBER_OBJECT_CONVERSION = YES_AGGRESSIVE;
				CLANG_CXX_LANGUAGE_STANDARD = "gnu++14";
				CLANG_CXX_LIBRARY = "libc++";
				CLANG_ENABLE_MODULES = YES;
				CLANG_ENABLE_OBJC_ARC = YES;
				CLANG_ENABLE_OBJC_WEAK = YES;
				CLANG_WARN_BLOCK_CAPTURE_AUTORELEASING = YES;
				CLANG_WARN_BOOL_CONVERSION = YES;
				CLANG_WARN_COMMA = YES;
				CLANG_WARN_CONSTANT_CONVERSION = YES;
				CLANG_WARN_DEPRECATED_OBJC_IMPLEMENTATIONS = YES;
				CLANG_WARN_DIRECT_OBJC_ISA_USAGE = YES_ERROR;
				CLANG_WARN_DOCUMENTATION_COMMENTS = YES;
				CLANG_WARN_EMPTY_BODY = YES;
				CLANG_WARN_ENUM_CONVERSION = YES;
				CLANG_WARN_INFINITE_RECURSION = YES;
				CLANG_WARN_INT_CONVERSION = YES;
				CLANG_WARN_NON_LITERAL_NULL_CONVERSION = YES;
				CLANG_WARN_OBJC_IMPLICIT_RETAIN_SELF = YES;
				CLANG_WARN_OBJC_LITERAL_CONVERSION = YES;
				CLANG_WARN_OBJC_ROOT_CLASS = YES_ERROR;
				CLANG_WARN_RANGE_LOOP_ANALYSIS = YES;
				CLANG_WARN_STRICT_PROTOTYPES = YES;
				CLANG_WARN_SUSPICIOUS_MOVE = YES;
				CLANG_WARN_UNGUARDED_AVAILABILITY = YES_AGGRESSIVE;
				CLANG_WARN_UNREACHABLE_CODE = YES;
				CLANG_WARN__DUPLICATE_METHOD_MATCH = YES;
				CODE_SIGN_IDENTITY = "iPhone Developer";
				COPY_PHASE_STRIP = NO;
				DEBUG_INFORMATION_FORMAT = dwarf;
				ENABLE_STRICT_OBJC_MSGSEND = YES;
				ENABLE_TESTABILITY = YES;
				GCC_C_LANGUAGE_STANDARD = gnu11;
				GCC_DYNAMIC_NO_PIC = NO;
				GCC_NO_COMMON_BLOCKS = YES;
				GCC_OPTIMIZATION_LEVEL = 0;
				GCC_PREPROCESSOR_DEFINITIONS = (
					"DEBUG=1",
					"$(inherited)",
				);
				GCC_WARN_64_TO_32_BIT_CONVERSION = YES;
				GCC_WARN_ABOUT_RETURN_TYPE = YES_ERROR;
				GCC_WARN_UNDECLARED_SELECTOR = YES;
				GCC_WARN_UNINITIALIZED_AUTOS = YES_AGGRESSIVE;
				GCC_WARN_UNUSED_FUNCTION = YES;
				GCC_WARN_UNUSED_VARIABLE = YES;
				IPHONEOS_DEPLOYMENT_TARGET = 12.4;
				MTL_ENABLE_DEBUG_INFO = INCLUDE_SOURCE;
				MTL_FAST_MATH = YES;
				ONLY_ACTIVE_ARCH = YES;
				SDKROOT = iphoneos;
				SWIFT_ACTIVE_COMPILATION_CONDITIONS = DEBUG;
				SWIFT_OPTIMIZATION_LEVEL = "-Onone";
			};
			name = Debug;
		};
		CFE368A922FBD16700774B2D /* Release */ = {
			isa = XCBuildConfiguration;
			buildSettings = {
				ALWAYS_SEARCH_USER_PATHS = NO;
				CLANG_ANALYZER_NONNULL = YES;
				CLANG_ANALYZER_NUMBER_OBJECT_CONVERSION = YES_AGGRESSIVE;
				CLANG_CXX_LANGUAGE_STANDARD = "gnu++14";
				CLANG_CXX_LIBRARY = "libc++";
				CLANG_ENABLE_MODULES = YES;
				CLANG_ENABLE_OBJC_ARC = YES;
				CLANG_ENABLE_OBJC_WEAK = YES;
				CLANG_WARN_BLOCK_CAPTURE_AUTORELEASING = YES;
				CLANG_WARN_BOOL_CONVERSION = YES;
				CLANG_WARN_COMMA = YES;
				CLANG_WARN_CONSTANT_CONVERSION = YES;
				CLANG_WARN_DEPRECATED_OBJC_IMPLEMENTATIONS = YES;
				CLANG_WARN_DIRECT_OBJC_ISA_USAGE = YES_ERROR;
				CLANG_WARN_DOCUMENTATION_COMMENTS = YES;
				CLANG_WARN_EMPTY_BODY = YES;
				CLANG_WARN_ENUM_CONVERSION = YES;
				CLANG_WARN_INFINITE_RECURSION = YES;
				CLANG_WARN_INT_CONVERSION = YES;
				CLANG_WARN_NON_LITERAL_NULL_CONVERSION = YES;
				CLANG_WARN_OBJC_IMPLICIT_RETAIN_SELF = YES;
				CLANG_WARN_OBJC_LITERAL_CONVERSION = YES;
				CLANG_WARN_OBJC_ROOT_CLASS = YES_ERROR;
				CLANG_WARN_RANGE_LOOP_ANALYSIS = YES;
				CLANG_WARN_STRICT_PROTOTYPES = YES;
				CLANG_WARN_SUSPICIOUS_MOVE = YES;
				CLANG_WARN_UNGUARDED_AVAILABILITY = YES_AGGRESSIVE;
				CLANG_WARN_UNREACHABLE_CODE = YES;
				CLANG_WARN__DUPLICATE_METHOD_MATCH = YES;
				CODE_SIGN_IDENTITY = "iPhone Developer";
				COPY_PHASE_STRIP = NO;
				DEBUG_INFORMATION_FORMAT = "dwarf-with-dsym";
				ENABLE_NS_ASSERTIONS = NO;
				ENABLE_STRICT_OBJC_MSGSEND = YES;
				GCC_C_LANGUAGE_STANDARD = gnu11;
				GCC_NO_COMMON_BLOCKS = YES;
				GCC_WARN_64_TO_32_BIT_CONVERSION = YES;
				GCC_WARN_ABOUT_RETURN_TYPE = YES_ERROR;
				GCC_WARN_UNDECLARED_SELECTOR = YES;
				GCC_WARN_UNINITIALIZED_AUTOS = YES_AGGRESSIVE;
				GCC_WARN_UNUSED_FUNCTION = YES;
				GCC_WARN_UNUSED_VARIABLE = YES;
				IPHONEOS_DEPLOYMENT_TARGET = 12.4;
				MTL_ENABLE_DEBUG_INFO = NO;
				MTL_FAST_MATH = YES;
				SDKROOT = iphoneos;
				SWIFT_COMPILATION_MODE = wholemodule;
				SWIFT_OPTIMIZATION_LEVEL = "-O";
				VALIDATE_PRODUCT = YES;
			};
			name = Release;
		};
		CFE368AB22FBD16700774B2D /* Debug */ = {
			isa = XCBuildConfiguration;
			baseConfigurationReference = 76D723E621EDF1E2CEBE8F12 /* Pods-SimpleChatApp.debug.xcconfig */;
			buildSettings = {
				ASSETCATALOG_COMPILER_APPICON_NAME = AppIcon;
				CODE_SIGN_STYLE = Automatic;
				DEVELOPMENT_TEAM = T3JJMLVQ43;
				INFOPLIST_FILE = SimpleChatApp/Info.plist;
				LD_RUNPATH_SEARCH_PATHS = (
					"$(inherited)",
					"@executable_path/Frameworks",
				);
				PRODUCT_BUNDLE_IDENTIFIER = myself.SimpleChatApp;
				PRODUCT_NAME = "$(TARGET_NAME)";
				SWIFT_VERSION = 5.0;
				TARGETED_DEVICE_FAMILY = "1,2";
			};
			name = Debug;
		};
		CFE368AC22FBD16700774B2D /* Release */ = {
			isa = XCBuildConfiguration;
			baseConfigurationReference = DC5D9DAAECDB7864B410E524 /* Pods-SimpleChatApp.release.xcconfig */;
			buildSettings = {
				ASSETCATALOG_COMPILER_APPICON_NAME = AppIcon;
				CODE_SIGN_STYLE = Automatic;
				DEVELOPMENT_TEAM = T3JJMLVQ43;
				INFOPLIST_FILE = SimpleChatApp/Info.plist;
				LD_RUNPATH_SEARCH_PATHS = (
					"$(inherited)",
					"@executable_path/Frameworks",
				);
				PRODUCT_BUNDLE_IDENTIFIER = myself.SimpleChatApp;
				PRODUCT_NAME = "$(TARGET_NAME)";
				SWIFT_VERSION = 5.0;
				TARGETED_DEVICE_FAMILY = "1,2";
			};
			name = Release;
		};
/* End XCBuildConfiguration section */

/* Begin XCConfigurationList section */
		CFE3689322FBD16500774B2D /* Build configuration list for PBXProject "SimpleChatApp" */ = {
			isa = XCConfigurationList;
			buildConfigurations = (
				CFE368A822FBD16700774B2D /* Debug */,
				CFE368A922FBD16700774B2D /* Release */,
			);
			defaultConfigurationIsVisible = 0;
			defaultConfigurationName = Release;
		};
		CFE368AA22FBD16700774B2D /* Build configuration list for PBXNativeTarget "SimpleChatApp" */ = {
			isa = XCConfigurationList;
			buildConfigurations = (
				CFE368AB22FBD16700774B2D /* Debug */,
				CFE368AC22FBD16700774B2D /* Release */,
			);
			defaultConfigurationIsVisible = 0;
			defaultConfigurationName = Release;
		};
/* End XCConfigurationList section */
	};
	rootObject = CFE3689022FBD16500774B2D /* Project object */;
}
